Microsoft Visual Studio Solution File, Format Version 8.00
Project("{F184B08F-C81C-45F6-A57F-5ABD9991F28F}") = "CWSpectrumDll", "CWSpectrumDll.vbproj", "{B7DFC27D-C597-416A-98A0-D69E2E5AEF46}"
	ProjectSection(ProjectDependencies) = postProject
	EndProjectSection
EndProject
Project("{F184B08F-C81C-45F6-A57F-5ABD9991F28F}") = "CWSpectrumDllTest", "CWSpectrumDllTest\CWSpectrumDllTest.vbproj", "{F3C1E977-86EA-4E53-8D46-4B17F5A9A0B6}"
	ProjectSection(ProjectDependencies) = postProject
	EndProjectSection
EndProject
Global
	GlobalSection(SolutionConfiguration) = preSolution
		Debug = Debug
		Release = Release
	EndGlobalSection
	GlobalSection(ProjectConfiguration) = postSolution
		{B7DFC27D-C597-416A-98A0-D69E2E5AEF46}.Debug.ActiveCfg = Debug|.NET
		{B7DFC27D-C597-416A-98A0-D69E2E5AEF46}.Debug.Build.0 = Debug|.NET
		{B7DFC27D-C597-416A-98A0-D69E2E5AEF46}.Release.ActiveCfg = Release|.NET
		{B7DFC27D-C597-416A-98A0-D69E2E5AEF46}.Release.Build.0 = Release|.NET
		{F3C1E977-86EA-4E53-8D46-4B17F5A9A0B6}.Debug.ActiveCfg = Debug|.NET
		{F3C1E977-86EA-4E53-8D46-4B17F5A9A0B6}.Debug.Build.0 = Debug|.NET
		{F3C1E977-86EA-4E53-8D46-4B17F5A9A0B6}.Release.ActiveCfg = Release|.NET
		{F3C1E977-86EA-4E53-8D46-4B17F5A9A0B6}.Release.Build.0 = Release|.NET
	EndGlobalSection
	GlobalSection(ExtensibilityGlobals) = postSolution
	EndGlobalSection
	GlobalSection(ExtensibilityAddIns) = postSolution
	EndGlobalSection
EndGlobal
